// !$*UTF8*$!
{
	archiveVersion = 1;
	classes = {
	};
	objectVersion = 46;
	objects = {

/* Begin PBXBuildFile section */
		52FD99C41AF1CCB300DFE6AB /* main.m in Sources */ = {isa = PBXBuildFile; fileRef = 52FD99C31AF1CCB300DFE6AB /* main.m */; };
		52FD99C71AF1CCB300DFE6AB /* AppDelegate.m in Sources */ = {isa = PBXBuildFile; fileRef = 52FD99C61AF1CCB300DFE6AB /* AppDelegate.m */; };
		52FD99CA1AF1CCB300DFE6AB /* ViewController.m in Sources */ = {isa = PBXBuildFile; fileRef = 52FD99C91AF1CCB300DFE6AB /* ViewController.m */; };
		52FD99CD1AF1CCB300DFE6AB /* Main.storyboard in Resources */ = {isa = PBXBuildFile; fileRef = 52FD99CB1AF1CCB300DFE6AB /* Main.storyboard */; };
		52FD99CF1AF1CCB300DFE6AB /* Images.xcassets in Resources */ = {isa = PBXBuildFile; fileRef = 52FD99CE1AF1CCB300DFE6AB /* Images.xcassets */; };
		52FD99D21AF1CCB300DFE6AB /* LaunchScreen.xib in Resources */ = {isa = PBXBuildFile; fileRef = 52FD99D01AF1CCB300DFE6AB /* LaunchScreen.xib */; };
		52FD99DE1AF1CCB400DFE6AB /* GooglePlaceSearchDemoTests.m in Sources */ = {isa = PBXBuildFile; fileRef = 52FD99DD1AF1CCB400DFE6AB /* GooglePlaceSearchDemoTests.m */; };
		52FD99EE1AF1CE0E00DFE6AB /* GPSServices.m in Sources */ = {isa = PBXBuildFile; fileRef = 52FD99ED1AF1CE0E00DFE6AB /* GPSServices.m */; };
		52FD99F11AF1D34F00DFE6AB /* GPSSearchRequest.m in Sources */ = {isa = PBXBuildFile; fileRef = 52FD99F01AF1D34F00DFE6AB /* GPSSearchRequest.m */; };
		52FD99F41AF1D38300DFE6AB /* GPSPlaceItem.m in Sources */ = {isa = PBXBuildFile; fileRef = 52FD99F31AF1D38300DFE6AB /* GPSPlaceItem.m */; };
		52FD99F81AF1D3F500DFE6AB /* GoogleMaps.framework in Frameworks */ = {isa = PBXBuildFile; fileRef = 52FD99F51AF1D3C700DFE6AB /* GoogleMaps.framework */; };
		52FD99FD1AF1D53100DFE6AB /* Foundation.framework in Frameworks */ = {isa = PBXBuildFile; fileRef = 52FD99FB1AF1D4DD00DFE6AB /* Foundation.framework */; };
		52FD99FE1AF1D53100DFE6AB /* CoreFoundation.framework in Frameworks */ = {isa = PBXBuildFile; fileRef = 52FD99F91AF1D4D600DFE6AB /* CoreFoundation.framework */; };
		52FD9A001AF1D53F00DFE6AB /* CoreGraphics.framework in Frameworks */ = {isa = PBXBuildFile; fileRef = 52FD99FF1AF1D53F00DFE6AB /* CoreGraphics.framework */; };
		52FD9A0E1AF1D54900DFE6AB /* UIKit.framework in Frameworks */ = {isa = PBXBuildFile; fileRef = 52FD9A011AF1D54900DFE6AB /* UIKit.framework */; };
		52FD9A0F1AF1D54900DFE6AB /* AVFoundation.framework in Frameworks */ = {isa = PBXBuildFile; fileRef = 52FD9A021AF1D54900DFE6AB /* AVFoundation.framework */; };
		52FD9A101AF1D54900DFE6AB /* CoreData.framework in Frameworks */ = {isa = PBXBuildFile; fileRef = 52FD9A031AF1D54900DFE6AB /* CoreData.framework */; };
		52FD9A111AF1D54900DFE6AB /* CoreLocation.framework in Frameworks */ = {isa = PBXBuildFile; fileRef = 52FD9A041AF1D54900DFE6AB /* CoreLocation.framework */; };
		52FD9A121AF1D54900DFE6AB /* CoreText.framework in Frameworks */ = {isa = PBXBuildFile; fileRef = 52FD9A051AF1D54900DFE6AB /* CoreText.framework */; };
		52FD9A131AF1D54900DFE6AB /* GLKit.framework in Frameworks */ = {isa = PBXBuildFile; fileRef = 52FD9A061AF1D54900DFE6AB /* GLKit.framework */; };
		52FD9A141AF1D54900DFE6AB /* ImageIO.framework in Frameworks */ = {isa = PBXBuildFile; fileRef = 52FD9A071AF1D54900DFE6AB /* ImageIO.framework */; };
		52FD9A151AF1D54900DFE6AB /* libc++.dylib in Frameworks */ = {isa = PBXBuildFile; fileRef = 52FD9A081AF1D54900DFE6AB /* libc++.dylib */; };
		52FD9A161AF1D54900DFE6AB /* libicucore.dylib in Frameworks */ = {isa = PBXBuildFile; fileRef = 52FD9A091AF1D54900DFE6AB /* libicucore.dylib */; };
		52FD9A171AF1D54900DFE6AB /* libz.dylib in Frameworks */ = {isa = PBXBuildFile; fileRef = 52FD9A0A1AF1D54900DFE6AB /* libz.dylib */; };
		52FD9A181AF1D54900DFE6AB /* OpenGLES.framework in Frameworks */ = {isa = PBXBuildFile; fileRef = 52FD9A0B1AF1D54900DFE6AB /* OpenGLES.framework */; };
		52FD9A191AF1D54900DFE6AB /* QuartzCore.framework in Frameworks */ = {isa = PBXBuildFile; fileRef = 52FD9A0C1AF1D54900DFE6AB /* QuartzCore.framework */; };
		52FD9A1A1AF1D54900DFE6AB /* SystemConfiguration.framework in Frameworks */ = {isa = PBXBuildFile; fileRef = 52FD9A0D1AF1D54900DFE6AB /* SystemConfiguration.framework */; };
		52FD9A1C1AF1D55100DFE6AB /* libobjc.dylib in Frameworks */ = {isa = PBXBuildFile; fileRef = 52FD9A1B1AF1D55100DFE6AB /* libobjc.dylib */; };
		52FD9A1E1AF2255E00DFE6AB /* GoogleMaps.bundle in Resources */ = {isa = PBXBuildFile; fileRef = 52FD9A1D1AF2255E00DFE6AB /* GoogleMaps.bundle */; };
/* End PBXBuildFile section */

/* Begin PBXContainerItemProxy section */
		52FD99D81AF1CCB400DFE6AB /* PBXContainerItemProxy */ = {
			isa = PBXContainerItemProxy;
			containerPortal = 52FD99B61AF1CCB300DFE6AB /* Project object */;
			proxyType = 1;
			remoteGlobalIDString = 52FD99BD1AF1CCB300DFE6AB;
			remoteInfo = GooglePlaceSearchDemo;
		};
/* End PBXContainerItemProxy section */

/* Begin PBXFileReference section */
		52FD99BE1AF1CCB300DFE6AB /* GooglePlaceSearchDemo.app */ = {isa = PBXFileReference; explicitFileType = wrapper.application; includeInIndex = 0; path = GooglePlaceSearchDemo.app; sourceTree = BUILT_PRODUCTS_DIR; };
		52FD99C21AF1CCB300DFE6AB /* Info.plist */ = {isa = PBXFileReference; lastKnownFileType = text.plist.xml; path = Info.plist; sourceTree = "<group>"; };
		52FD99C31AF1CCB300DFE6AB /* main.m */ = {isa = PBXFileReference; lastKnownFileType = sourcecode.c.objc; path = main.m; sourceTree = "<group>"; };
		52FD99C51AF1CCB300DFE6AB /* AppDelegate.h */ = {isa = PBXFileReference; lastKnownFileType = sourcecode.c.h; path = AppDelegate.h; sourceTree = "<group>"; };
		52FD99C61AF1CCB300DFE6AB /* AppDelegate.m */ = {isa = PBXFileReference; lastKnownFileType = sourcecode.c.objc; path = AppDelegate.m; sourceTree = "<group>"; };
		52FD99C81AF1CCB300DFE6AB /* ViewController.h */ = {isa = PBXFileReference; lastKnownFileType = sourcecode.c.h; path = ViewController.h; sourceTree = "<group>"; };
		52FD99C91AF1CCB300DFE6AB /* ViewController.m */ = {isa = PBXFileReference; lastKnownFileType = sourcecode.c.objc; path = ViewController.m; sourceTree = "<group>"; };
		52FD99CC1AF1CCB300DFE6AB /* Base */ = {isa = PBXFileReference; lastKnownFileType = file.storyboard; name = Base; path = Base.lproj/Main.storyboard; sourceTree = "<group>"; };
		52FD99CE1AF1CCB300DFE6AB /* Images.xcassets */ = {isa = PBXFileReference; lastKnownFileType = folder.assetcatalog; path = Images.xcassets; sourceTree = "<group>"; };
		52FD99D11AF1CCB300DFE6AB /* Base */ = {isa = PBXFileReference; lastKnownFileType = file.xib; name = Base; path = Base.lproj/LaunchScreen.xib; sourceTree = "<group>"; };
		52FD99D71AF1CCB400DFE6AB /* GooglePlaceSearchDemoTests.xctest */ = {isa = PBXFileReference; explicitFileType = wrapper.cfbundle; includeInIndex = 0; path = GooglePlaceSearchDemoTests.xctest; sourceTree = BUILT_PRODUCTS_DIR; };
		52FD99DC1AF1CCB400DFE6AB /* Info.plist */ = {isa = PBXFileReference; lastKnownFileType = text.plist.xml; path = Info.plist; sourceTree = "<group>"; };
		52FD99DD1AF1CCB400DFE6AB /* GooglePlaceSearchDemoTests.m */ = {isa = PBXFileReference; lastKnownFileType = sourcecode.c.objc; path = GooglePlaceSearchDemoTests.m; sourceTree = "<group>"; };
		52FD99E81AF1CCF500DFE6AB /* GooglePlaceSearch.h */ = {isa = PBXFileReference; lastKnownFileType = sourcecode.c.h; path = GooglePlaceSearch.h; sourceTree = "<group>"; };
		52FD99EC1AF1CE0E00DFE6AB /* GPSServices.h */ = {isa = PBXFileReference; fileEncoding = 4; lastKnownFileType = sourcecode.c.h; path = GPSServices.h; sourceTree = "<group>"; };
		52FD99ED1AF1CE0E00DFE6AB /* GPSServices.m */ = {isa = PBXFileReference; fileEncoding = 4; lastKnownFileType = sourcecode.c.objc; path = GPSServices.m; sourceTree = "<group>"; };
		52FD99EF1AF1D34F00DFE6AB /* GPSSearchRequest.h */ = {isa = PBXFileReference; fileEncoding = 4; lastKnownFileType = sourcecode.c.h; path = GPSSearchRequest.h; sourceTree = "<group>"; };
		52FD99F01AF1D34F00DFE6AB /* GPSSearchRequest.m */ = {isa = PBXFileReference; fileEncoding = 4; lastKnownFileType = sourcecode.c.objc; path = GPSSearchRequest.m; sourceTree = "<group>"; };
		52FD99F21AF1D38300DFE6AB /* GPSPlaceItem.h */ = {isa = PBXFileReference; fileEncoding = 4; lastKnownFileType = sourcecode.c.h; path = GPSPlaceItem.h; sourceTree = "<group>"; };
		52FD99F31AF1D38300DFE6AB /* GPSPlaceItem.m */ = {isa = PBXFileReference; fileEncoding = 4; lastKnownFileType = sourcecode.c.objc; path = GPSPlaceItem.m; sourceTree = "<group>"; };
		52FD99F51AF1D3C700DFE6AB /* GoogleMaps.framework */ = {isa = PBXFileReference; lastKnownFileType = wrapper.framework; path = GoogleMaps.framework; sourceTree = "<group>"; };
		52FD99F91AF1D4D600DFE6AB /* CoreFoundation.framework */ = {isa = PBXFileReference; lastKnownFileType = wrapper.framework; name = CoreFoundation.framework; path = System/Library/Frameworks/CoreFoundation.framework; sourceTree = SDKROOT; };
		52FD99FB1AF1D4DD00DFE6AB /* Foundation.framework */ = {isa = PBXFileReference; lastKnownFileType = wrapper.framework; name = Foundation.framework; path = System/Library/Frameworks/Foundation.framework; sourceTree = SDKROOT; };
		52FD99FF1AF1D53F00DFE6AB /* CoreGraphics.framework */ = {isa = PBXFileReference; lastKnownFileType = wrapper.framework; name = CoreGraphics.framework; path = System/Library/Frameworks/CoreGraphics.framework; sourceTree = SDKROOT; };
		52FD9A011AF1D54900DFE6AB /* UIKit.framework */ = {isa = PBXFileReference; lastKnownFileType = wrapper.framework; name = UIKit.framework; path = System/Library/Frameworks/UIKit.framework; sourceTree = SDKROOT; };
		52FD9A021AF1D54900DFE6AB /* AVFoundation.framework */ = {isa = PBXFileReference; lastKnownFileType = wrapper.framework; name = AVFoundation.framework; path = System/Library/Frameworks/AVFoundation.framework; sourceTree = SDKROOT; };
		52FD9A031AF1D54900DFE6AB /* CoreData.framework */ = {isa = PBXFileReference; lastKnownFileType = wrapper.framework; name = CoreData.framework; path = System/Library/Frameworks/CoreData.framework; sourceTree = SDKROOT; };
		52FD9A041AF1D54900DFE6AB /* CoreLocation.framework */ = {isa = PBXFileReference; lastKnownFileType = wrapper.framework; name = CoreLocation.framework; path = System/Library/Frameworks/CoreLocation.framework; sourceTree = SDKROOT; };
		52FD9A051AF1D54900DFE6AB /* CoreText.framework */ = {isa = PBXFileReference; lastKnownFileType = wrapper.framework; name = CoreText.framework; path = System/Library/Frameworks/CoreText.framework; sourceTree = SDKROOT; };
		52FD9A061AF1D54900DFE6AB /* GLKit.framework */ = {isa = PBXFileReference; lastKnownFileType = wrapper.framework; name = GLKit.framework; path = System/Library/Frameworks/GLKit.framework; sourceTree = SDKROOT; };
		52FD9A071AF1D54900DFE6AB /* ImageIO.framework */ = {isa = PBXFileReference; lastKnownFileType = wrapper.framework; name = ImageIO.framework; path = System/Library/Frameworks/ImageIO.framework; sourceTree = SDKROOT; };
		52FD9A081AF1D54900DFE6AB /* libc++.dylib */ = {isa = PBXFileReference; lastKnownFileType = "compiled.mach-o.dylib"; name = "libc++.dylib"; path = "usr/lib/libc++.dylib"; sourceTree = SDKROOT; };
		52FD9A091AF1D54900DFE6AB /* libicucore.dylib */ = {isa = PBXFileReference; lastKnownFileType = "compiled.mach-o.dylib"; name = libicucore.dylib; path = usr/lib/libicucore.dylib; sourceTree = SDKROOT; };
		52FD9A0A1AF1D54900DFE6AB /* libz.dylib */ = {isa = PBXFileReference; lastKnownFileType = "compiled.mach-o.dylib"; name = libz.dylib; path = usr/lib/libz.dylib; sourceTree = SDKROOT; };
		52FD9A0B1AF1D54900DFE6AB /* OpenGLES.framework */ = {isa = PBXFileReference; lastKnownFileType = wrapper.framework; name = OpenGLES.framework; path = System/Library/Frameworks/OpenGLES.framework; sourceTree = SDKROOT; };
		52FD9A0C1AF1D54900DFE6AB /* QuartzCore.framework */ = {isa = PBXFileReference; lastKnownFileType = wrapper.framework; name = QuartzCore.framework; path = System/Library/Frameworks/QuartzCore.framework; sourceTree = SDKROOT; };
		52FD9A0D1AF1D54900DFE6AB /* SystemConfiguration.framework */ = {isa = PBXFileReference; lastKnownFileType = wrapper.framework; name = SystemConfiguration.framework; path = System/Library/Frameworks/SystemConfiguration.framework; sourceTree = SDKROOT; };
		52FD9A1B1AF1D55100DFE6AB /* libobjc.dylib */ = {isa = PBXFileReference; lastKnownFileType = "compiled.mach-o.dylib"; name = libobjc.dylib; path = usr/lib/libobjc.dylib; sourceTree = SDKROOT; };
		52FD9A1D1AF2255E00DFE6AB /* GoogleMaps.bundle */ = {isa = PBXFileReference; lastKnownFileType = "wrapper.plug-in"; path = GoogleMaps.bundle; sourceTree = "<group>"; };
/* End PBXFileReference section */

/* Begin PBXFrameworksBuildPhase section */
		52FD99BB1AF1CCB300DFE6AB /* Frameworks */ = {
			isa = PBXFrameworksBuildPhase;
			buildActionMask = 2147483647;
			files = (
				52FD9A1C1AF1D55100DFE6AB /* libobjc.dylib in Frameworks */,
				52FD9A191AF1D54900DFE6AB /* QuartzCore.framework in Frameworks */,
				52FD9A001AF1D53F00DFE6AB /* CoreGraphics.framework in Frameworks */,
				52FD99F81AF1D3F500DFE6AB /* GoogleMaps.framework in Frameworks */,
				52FD9A101AF1D54900DFE6AB /* CoreData.framework in Frameworks */,
				52FD9A0F1AF1D54900DFE6AB /* AVFoundation.framework in Frameworks */,
				52FD9A111AF1D54900DFE6AB /* CoreLocation.framework in Frameworks */,
				52FD9A181AF1D54900DFE6AB /* OpenGLES.framework in Frameworks */,
				52FD9A121AF1D54900DFE6AB /* CoreText.framework in Frameworks */,
				52FD99FD1AF1D53100DFE6AB /* Foundation.framework in Frameworks */,
				52FD9A141AF1D54900DFE6AB /* ImageIO.framework in Frameworks */,
				52FD9A1A1AF1D54900DFE6AB /* SystemConfiguration.framework in Frameworks */,
				52FD99FE1AF1D53100DFE6AB /* CoreFoundation.framework in Frameworks */,
				52FD9A171AF1D54900DFE6AB /* libz.dylib in Frameworks */,
				52FD9A131AF1D54900DFE6AB /* GLKit.framework in Frameworks */,
				52FD9A161AF1D54900DFE6AB /* libicucore.dylib in Frameworks */,
				52FD9A151AF1D54900DFE6AB /* libc++.dylib in Frameworks */,
				52FD9A0E1AF1D54900DFE6AB /* UIKit.framework in Frameworks */,
			);
			runOnlyForDeploymentPostprocessing = 0;
		};
		52FD99D41AF1CCB400DFE6AB /* Frameworks */ = {
			isa = PBXFrameworksBuildPhase;
			buildActionMask = 2147483647;
			files = (
			);
			runOnlyForDeploymentPostprocessing = 0;
		};
/* End PBXFrameworksBuildPhase section */

/* Begin PBXGroup section */
		52FD99B51AF1CCB300DFE6AB = {
			isa = PBXGroup;
			children = (
				52FD99C01AF1CCB300DFE6AB /* GooglePlaceSearchDemo */,
				52FD99DA1AF1CCB400DFE6AB /* GooglePlaceSearchDemoTests */,
				52FD99BF1AF1CCB300DFE6AB /* Products */,
			);
			sourceTree = "<group>";
		};
		52FD99BF1AF1CCB300DFE6AB /* Products */ = {
			isa = PBXGroup;
			children = (
				52FD99BE1AF1CCB300DFE6AB /* GooglePlaceSearchDemo.app */,
				52FD99D71AF1CCB400DFE6AB /* GooglePlaceSearchDemoTests.xctest */,
			);
			name = Products;
			sourceTree = "<group>";
		};
		52FD99C01AF1CCB300DFE6AB /* GooglePlaceSearchDemo */ = {
			isa = PBXGroup;
			children = (
				52FD99E71AF1CCC400DFE6AB /* Google Place Search SDK */,
				52FD99C51AF1CCB300DFE6AB /* AppDelegate.h */,
				52FD99C61AF1CCB300DFE6AB /* AppDelegate.m */,
				52FD99C81AF1CCB300DFE6AB /* ViewController.h */,
				52FD99C91AF1CCB300DFE6AB /* ViewController.m */,
				52FD99CB1AF1CCB300DFE6AB /* Main.storyboard */,
				52FD99CE1AF1CCB300DFE6AB /* Images.xcassets */,
				52FD99D01AF1CCB300DFE6AB /* LaunchScreen.xib */,
				52FD9A1D1AF2255E00DFE6AB /* GoogleMaps.bundle */,
				52FD99C11AF1CCB300DFE6AB /* Supporting Files */,
				52FD99F71AF1D3D300DFE6AB /* Frameworks */,
			);
			path = GooglePlaceSearchDemo;
			sourceTree = "<group>";
		};
		52FD99C11AF1CCB300DFE6AB /* Supporting Files */ = {
			isa = PBXGroup;
			children = (
				52FD99C21AF1CCB300DFE6AB /* Info.plist */,
				52FD99C31AF1CCB300DFE6AB /* main.m */,
			);
			name = "Supporting Files";
			sourceTree = "<group>";
		};
		52FD99DA1AF1CCB400DFE6AB /* GooglePlaceSearchDemoTests */ = {
			isa = PBXGroup;
			children = (
				52FD99DD1AF1CCB400DFE6AB /* GooglePlaceSearchDemoTests.m */,
				52FD99DB1AF1CCB400DFE6AB /* Supporting Files */,
			);
			path = GooglePlaceSearchDemoTests;
			sourceTree = "<group>";
		};
		52FD99DB1AF1CCB400DFE6AB /* Supporting Files */ = {
			isa = PBXGroup;
			children = (
				52FD99DC1AF1CCB400DFE6AB /* Info.plist */,
			);
			name = "Supporting Files";
			sourceTree = "<group>";
		};
		52FD99E71AF1CCC400DFE6AB /* Google Place Search SDK */ = {
			isa = PBXGroup;
			children = (
				52FD99E81AF1CCF500DFE6AB /* GooglePlaceSearch.h */,
				52FD99EC1AF1CE0E00DFE6AB /* GPSServices.h */,
				52FD99ED1AF1CE0E00DFE6AB /* GPSServices.m */,
				52FD99F21AF1D38300DFE6AB /* GPSPlaceItem.h */,
				52FD99F31AF1D38300DFE6AB /* GPSPlaceItem.m */,
				52FD99EF1AF1D34F00DFE6AB /* GPSSearchRequest.h */,
				52FD99F01AF1D34F00DFE6AB /* GPSSearchRequest.m */,
			);
			name = "Google Place Search SDK";
			path = ../GooglePlaceSearchSDK;
			sourceTree = "<group>";
		};
		52FD99F71AF1D3D300DFE6AB /* Frameworks */ = {
			isa = PBXGroup;
			children = (
				52FD9A1B1AF1D55100DFE6AB /* libobjc.dylib */,
				52FD9A081AF1D54900DFE6AB /* libc++.dylib */,
				52FD9A091AF1D54900DFE6AB /* libicucore.dylib */,
				52FD9A0A1AF1D54900DFE6AB /* libz.dylib */,
				52FD9A011AF1D54900DFE6AB /* UIKit.framework */,
				52FD9A021AF1D54900DFE6AB /* AVFoundation.framework */,
				52FD9A031AF1D54900DFE6AB /* CoreData.framework */,
				52FD9A041AF1D54900DFE6AB /* CoreLocation.framework */,
				52FD9A051AF1D54900DFE6AB /* CoreText.framework */,
				52FD9A061AF1D54900DFE6AB /* GLKit.framework */,
				52FD9A071AF1D54900DFE6AB /* ImageIO.framework */,
				52FD9A0B1AF1D54900DFE6AB /* OpenGLES.framework */,
				52FD9A0C1AF1D54900DFE6AB /* QuartzCore.framework */,
				52FD9A0D1AF1D54900DFE6AB /* SystemConfiguration.framework */,
				52FD99FF1AF1D53F00DFE6AB /* CoreGraphics.framework */,
				52FD99FB1AF1D4DD00DFE6AB /* Foundation.framework */,
				52FD99F91AF1D4D600DFE6AB /* CoreFoundation.framework */,
				52FD99F51AF1D3C700DFE6AB /* GoogleMaps.framework */,
			);
			name = Frameworks;
			path = ..;
			sourceTree = "<group>";
		};
/* End PBXGroup section */

/* Begin PBXNativeTarget section */
		52FD99BD1AF1CCB300DFE6AB /* GooglePlaceSearchDemo */ = {
			isa = PBXNativeTarget;
			buildConfigurationList = 52FD99E11AF1CCB400DFE6AB /* Build configuration list for PBXNativeTarget "GooglePlaceSearchDemo" */;
			buildPhases = (
				52FD99BA1AF1CCB300DFE6AB /* Sources */,
				52FD99BB1AF1CCB300DFE6AB /* Frameworks */,
				52FD99BC1AF1CCB300DFE6AB /* Resources */,
			);
			buildRules = (
			);
			dependencies = (
			);
			name = GooglePlaceSearchDemo;
			productName = GooglePlaceSearchDemo;
			productReference = 52FD99BE1AF1CCB300DFE6AB /* GooglePlaceSearchDemo.app */;
			productType = "com.apple.product-type.application";
		};
		52FD99D61AF1CCB400DFE6AB /* GooglePlaceSearchDemoTests */ = {
			isa = PBXNativeTarget;
			buildConfigurationList = 52FD99E41AF1CCB400DFE6AB /* Build configuration list for PBXNativeTarget "GooglePlaceSearchDemoTests" */;
			buildPhases = (
				52FD99D31AF1CCB400DFE6AB /* Sources */,
				52FD99D41AF1CCB400DFE6AB /* Frameworks */,
				52FD99D51AF1CCB400DFE6AB /* Resources */,
			);
			buildRules = (
			);
			dependencies = (
				52FD99D91AF1CCB400DFE6AB /* PBXTargetDependency */,
			);
			name = GooglePlaceSearchDemoTests;
			productName = GooglePlaceSearchDemoTests;
			productReference = 52FD99D71AF1CCB400DFE6AB /* GooglePlaceSearchDemoTests.xctest */;
			productType = "com.apple.product-type.bundle.unit-test";
		};
/* End PBXNativeTarget section */

/* Begin PBXProject section */
		52FD99B61AF1CCB300DFE6AB /* Project object */ = {
			isa = PBXProject;
			attributes = {
				LastUpgradeCheck = 0630;
				ORGANIZATIONNAME = Darktt;
				TargetAttributes = {
					52FD99BD1AF1CCB300DFE6AB = {
						CreatedOnToolsVersion = 6.3.1;
					};
					52FD99D61AF1CCB400DFE6AB = {
						CreatedOnToolsVersion = 6.3.1;
						TestTargetID = 52FD99BD1AF1CCB300DFE6AB;
					};
				};
			};
			buildConfigurationList = 52FD99B91AF1CCB300DFE6AB /* Build configuration list for PBXProject "GooglePlaceSearchDemo" */;
			compatibilityVersion = "Xcode 3.2";
			developmentRegion = English;
			hasScannedForEncodings = 0;
			knownRegions = (
				en,
				Base,
			);
			mainGroup = 52FD99B51AF1CCB300DFE6AB;
			productRefGroup = 52FD99BF1AF1CCB300DFE6AB /* Products */;
			projectDirPath = "";
			projectRoot = "";
			targets = (
				52FD99BD1AF1CCB300DFE6AB /* GooglePlaceSearchDemo */,
				52FD99D61AF1CCB400DFE6AB /* GooglePlaceSearchDemoTests */,
			);
		};
/* End PBXProject section */

/* Begin PBXResourcesBuildPhase section */
		52FD99BC1AF1CCB300DFE6AB /* Resources */ = {
			isa = PBXResourcesBuildPhase;
			buildActionMask = 2147483647;
			files = (
				52FD99CD1AF1CCB300DFE6AB /* Main.storyboard in Resources */,
				52FD99D21AF1CCB300DFE6AB /* LaunchScreen.xib in Resources */,
				52FD99CF1AF1CCB300DFE6AB /* Images.xcassets in Resources */,
				52FD9A1E1AF2255E00DFE6AB /* GoogleMaps.bundle in Resources */,
			);
			runOnlyForDeploymentPostprocessing = 0;
		};
		52FD99D51AF1CCB400DFE6AB /* Resources */ = {
			isa = PBXResourcesBuildPhase;
			buildActionMask = 2147483647;
			files = (
			);
			runOnlyForDeploymentPostprocessing = 0;
		};
/* End PBXResourcesBuildPhase section */

/* Begin PBXSourcesBuildPhase section */
		52FD99BA1AF1CCB300DFE6AB /* Sources */ = {
			isa = PBXSourcesBuildPhase;
			buildActionMask = 2147483647;
			files = (
				52FD99CA1AF1CCB300DFE6AB /* ViewController.m in Sources */,
				52FD99C71AF1CCB300DFE6AB /* AppDelegate.m in Sources */,
				52FD99EE1AF1CE0E00DFE6AB /* GPSServices.m in Sources */,
				52FD99F41AF1D38300DFE6AB /* GPSPlaceItem.m in Sources */,
				52FD99C41AF1CCB300DFE6AB /* main.m in Sources */,
				52FD99F11AF1D34F00DFE6AB /* GPSSearchRequest.m in Sources */,
			);
			runOnlyForDeploymentPostprocessing = 0;
		};
		52FD99D31AF1CCB400DFE6AB /* Sources */ = {
			isa = PBXSourcesBuildPhase;
			buildActionMask = 2147483647;
			files = (
				52FD99DE1AF1CCB400DFE6AB /* GooglePlaceSearchDemoTests.m in Sources */,
			);
			runOnlyForDeploymentPostprocessing = 0;
		};
/* End PBXSourcesBuildPhase section */

/* Begin PBXTargetDependency section */
		52FD99D91AF1CCB400DFE6AB /* PBXTargetDependency */ = {
			isa = PBXTargetDependency;
			target = 52FD99BD1AF1CCB300DFE6AB /* GooglePlaceSearchDemo */;
			targetProxy = 52FD99D81AF1CCB400DFE6AB /* PBXContainerItemProxy */;
		};
/* End PBXTargetDependency section */

/* Begin PBXVariantGroup section */
		52FD99CB1AF1CCB300DFE6AB /* Main.storyboard */ = {
			isa = PBXVariantGroup;
			children = (
				52FD99CC1AF1CCB300DFE6AB /* Base */,
			);
			name = Main.storyboard;
			sourceTree = "<group>";
		};
		52FD99D01AF1CCB300DFE6AB /* LaunchScreen.xib */ = {
			isa = PBXVariantGroup;
			children = (
				52FD99D11AF1CCB300DFE6AB /* Base */,
			);
			name = LaunchScreen.xib;
			sourceTree = "<group>";
		};
/* End PBXVariantGroup section */

/* Begin XCBuildConfiguration section */
		52FD99DF1AF1CCB400DFE6AB /* Debug */ = {
			isa = XCBuildConfiguration;
			buildSettings = {
				ALWAYS_SEARCH_USER_PATHS = NO;
				CLANG_CXX_LANGUAGE_STANDARD = "gnu++0x";
				CLANG_CXX_LIBRARY = "libc++";
				CLANG_ENABLE_MODULES = YES;
				CLANG_ENABLE_OBJC_ARC = YES;
				CLANG_WARN_BOOL_CONVERSION = YES;
				CLANG_WARN_CONSTANT_CONVERSION = YES;
				CLANG_WARN_DIRECT_OBJC_ISA_USAGE = YES_ERROR;
				CLANG_WARN_EMPTY_BODY = YES;
				CLANG_WARN_ENUM_CONVERSION = YES;
				CLANG_WARN_INT_CONVERSION = YES;
				CLANG_WARN_OBJC_ROOT_CLASS = YES_ERROR;
				CLANG_WARN_UNREACHABLE_CODE = YES;
				CLANG_WARN__DUPLICATE_METHOD_MATCH = YES;
				"CODE_SIGN_IDENTITY[sdk=iphoneos*]" = "iPhone Developer";
				COPY_PHASE_STRIP = NO;
				DEBUG_INFORMATION_FORMAT = "dwarf-with-dsym";
				ENABLE_STRICT_OBJC_MSGSEND = YES;
				GCC_C_LANGUAGE_STANDARD = gnu99;
				GCC_DYNAMIC_NO_PIC = NO;
				GCC_NO_COMMON_BLOCKS = YES;
				GCC_OPTIMIZATION_LEVEL = 0;
				GCC_PREPROCESSOR_DEFINITIONS = (
					"DEBUG=1",
					"$(inherited)",
				);
				GCC_SYMBOLS_PRIVATE_EXTERN = NO;
				GCC_WARN_64_TO_32_BIT_CONVERSION = YES;
				GCC_WARN_ABOUT_RETURN_TYPE = YES_ERROR;
				GCC_WARN_UNDECLARED_SELECTOR = YES;
				GCC_WARN_UNINITIALIZED_AUTOS = YES_AGGRESSIVE;
				GCC_WARN_UNUSED_FUNCTION = YES;
				GCC_WARN_UNUSED_VARIABLE = YES;
				IPHONEOS_DEPLOYMENT_TARGET = 8.3;
				MTL_ENABLE_DEBUG_INFO = YES;
				ONLY_ACTIVE_ARCH = YES;
				SDKROOT = iphoneos;
			};
			name = Debug;
		};
		52FD99E01AF1CCB400DFE6AB /* Release */ = {
			isa = XCBuildConfiguration;
			buildSettings = {
				ALWAYS_SEARCH_USER_PATHS = NO;
				CLANG_CXX_LANGUAGE_STANDARD = "gnu++0x";
				CLANG_CXX_LIBRARY = "libc++";
				CLANG_ENABLE_MODULES = YES;
				CLANG_ENABLE_OBJC_ARC = YES;
				CLANG_WARN_BOOL_CONVERSION = YES;
				CLANG_WARN_CONSTANT_CONVERSION = YES;
				CLANG_WARN_DIRECT_OBJC_ISA_USAGE = YES_ERROR;
				CLANG_WARN_EMPTY_BODY = YES;
				CLANG_WARN_ENUM_CONVERSION = YES;
				CLANG_WARN_INT_CONVERSION = YES;
				CLANG_WARN_OBJC_ROOT_CLASS = YES_ERROR;
				CLANG_WARN_UNREACHABLE_CODE = YES;
				CLANG_WARN__DUPLICATE_METHOD_MATCH = YES;
				"CODE_SIGN_IDENTITY[sdk=iphoneos*]" = "iPhone Developer";
				COPY_PHASE_STRIP = NO;
				DEBUG_INFORMATION_FORMAT = "dwarf-with-dsym";
				ENABLE_NS_ASSERTIONS = NO;
				ENABLE_STRICT_OBJC_MSGSEND = YES;
				GCC_C_LANGUAGE_STANDARD = gnu99;
				GCC_NO_COMMON_BLOCKS = YES;
				GCC_WARN_64_TO_32_BIT_CONVERSION = YES;
				GCC_WARN_ABOUT_RETURN_TYPE = YES_ERROR;
				GCC_WARN_UNDECLARED_SELECTOR = YES;
				GCC_WARN_UNINITIALIZED_AUTOS = YES_AGGRESSIVE;
				GCC_WARN_UNUSED_FUNCTION = YES;
				GCC_WARN_UNUSED_VARIABLE = YES;
				IPHONEOS_DEPLOYMENT_TARGET = 8.3;
				MTL_ENABLE_DEBUG_INFO = NO;
				SDKROOT = iphoneos;
				VALIDATE_PRODUCT = YES;
			};
			name = Release;
		};
		52FD99E21AF1CCB400DFE6AB /* Debug */ = {
			isa = XCBuildConfiguration;
			buildSettings = {
				ASSETCATALOG_COMPILER_APPICON_NAME = AppIcon;
				CLANG_ENABLE_OBJC_ARC = NO;
				FRAMEWORK_SEARCH_PATHS = (
					"$(inherited)",
					"$(PROJECT_DIR)",
				);
				INFOPLIST_FILE = GooglePlaceSearchDemo/Info.plist;
				LD_RUNPATH_SEARCH_PATHS = "$(inherited) @executable_path/Frameworks";
				OTHER_LDFLAGS = "-ObjC";
				PRODUCT_NAME = "$(TARGET_NAME)";
			};
			name = Debug;
		};
		52FD99E31AF1CCB400DFE6AB /* Release */ = {
			isa = XCBuildConfiguration;
			buildSettings = {
				ASSETCATALOG_COMPILER_APPICON_NAME = AppIcon;
				CLANG_ENABLE_OBJC_ARC = NO;
				FRAMEWORK_SEARCH_PATHS = (
					"$(inherited)",
					"$(PROJECT_DIR)",
				);
				INFOPLIST_FILE = GooglePlaceSearchDemo/Info.plist;
				LD_RUNPATH_SEARCH_PATHS = "$(inherited) @executable_path/Frameworks";
				OTHER_LDFLAGS = "-ObjC";
				PRODUCT_NAME = "$(TARGET_NAME)";
			};
			name = Release;
		};
		52FD99E51AF1CCB400DFE6AB /* Debug */ = {
			isa = XCBuildConfiguration;
			buildSettings = {
				BUNDLE_LOADER = "$(TEST_HOST)";
				FRAMEWORK_SEARCH_PATHS = (
					"$(SDKROOT)/Developer/Library/Frameworks",
					"$(inherited)",
				);
				GCC_PREPROCESSOR_DEFINITIONS = (
					"DEBUG=1",
					"$(inherited)",
				);
				INFOPLIST_FILE = GooglePlaceSearchDemoTests/Info.plist;
				LD_RUNPATH_SEARCH_PATHS = "$(inherited) @executable_path/Frameworks @loader_path/Frameworks";
				PRODUCT_NAME = "$(TARGET_NAME)";
				TEST_HOST = "$(BUILT_PRODUCTS_DIR)/GooglePlaceSearchDemo.app/GooglePlaceSearchDemo";
			};
			name = Debug;
		};
		52FD99E61AF1CCB400DFE6AB /* Release */ = {
			isa = XCBuildConfiguration;
			buildSettings = {
				BUNDLE_LOADER = "$(TEST_HOST)";
				FRAMEWORK_SEARCH_PATHS = (
					"$(SDKROOT)/Developer/Library/Frameworks",
					"$(inherited)",
				);
				INFOPLIST_FILE = GooglePlaceSearchDemoTests/Info.plist;
				LD_RUNPATH_SEARCH_PATHS = "$(inherited) @executable_path/Frameworks @loader_path/Frameworks";
				PRODUCT_NAME = "$(TARGET_NAME)";
				TEST_HOST = "$(BUILT_PRODUCTS_DIR)/GooglePlaceSearchDemo.app/GooglePlaceSearchDemo";
			};
			name = Release;
		};
/* End XCBuildConfiguration section */

/* Begin XCConfigurationList section */
		52FD99B91AF1CCB300DFE6AB /* Build configuration list for PBXProject "GooglePlaceSearchDemo" */ = {
			isa = XCConfigurationList;
			buildConfigurations = (
				52FD99DF1AF1CCB400DFE6AB /* Debug */,
				52FD99E01AF1CCB400DFE6AB /* Release */,
			);
			defaultConfigurationIsVisible = 0;
			defaultConfigurationName = Release;
		};
		52FD99E11AF1CCB400DFE6AB /* Build configuration list for PBXNativeTarget "GooglePlaceSearchDemo" */ = {
			isa = XCConfigurationList;
			buildConfigurations = (
				52FD99E21AF1CCB400DFE6AB /* Debug */,
				52FD99E31AF1CCB400DFE6AB /* Release */,
			);
			defaultConfigurationIsVisible = 0;
			defaultConfigurationName = Release;
		};
		52FD99E41AF1CCB400DFE6AB /* Build configuration list for PBXNativeTarget "GooglePlaceSearchDemoTests" */ = {
			isa = XCConfigurationList;
			buildConfigurations = (
				52FD99E51AF1CCB400DFE6AB /* Debug */,
				52FD99E61AF1CCB400DFE6AB /* Release */,
			);
			defaultConfigurationIsVisible = 0;
			defaultConfigurationName = Release;
		};
/* End XCConfigurationList section */
	};
	rootObject = 52FD99B61AF1CCB300DFE6AB /* Project object */;
}
